
Microsoft Visual Studio Solution File, Format Version 12.00
# Visual Studio Version 16
VisualStudioVersion = 16.0.30503.244
MinimumVisualStudioVersion = 10.0.40219.1
Project("{FAE04EC0-301F-11D3-BF4B-00C04F79EFBC}") = "SharedExperience", "SharedExperience\SharedExperience.csproj", "{3A4565A7-E471-40DB-A0B2-2CD6E755EFD1}"
EndProject
Project("{FAE04EC0-301F-11D3-BF4B-00C04F79EFBC}") = "AutoPickup", "AutoPickup\AutoPickup.csproj", "{9B72F8AE-EDB0-43F6-9416-3D9B99C1C0E7}"
EndProject
Project("{FAE04EC0-301F-11D3-BF4B-00C04F79EFBC}") = "FixPatch", "FixPatch\FixPatch.csproj", "{039F75A3-A882-44FE-B480-221E02C0A2FC}"
EndProject
Project("{FAE04EC0-301F-11D3-BF4B-00C04F79EFBC}") = "EnhanceEquip", "EnhanceEquip\EnhanceEquip.csproj", "{AC745B9E-84B9-4C6F-8BFB-967C0BB1633E}"
EndProject
Project("{FAE04EC0-301F-11D3-BF4B-00C04F79EFBC}") = "Test", "Test\Test.csproj", "{3AD935E5-049F-4F11-A7F9-80DCB990C2D0}"
EndProject
Project("{FAE04EC0-301F-11D3-BF4B-00C04F79EFBC}") = "LanguagePatch", "LanguagePatch\LanguagePatch.csproj", "{4BA03DBF-32A6-42BB-A6B0-E94F39195A3D}"
EndProject
Global
	GlobalSection(SolutionConfigurationPlatforms) = preSolution
		Debug|Any CPU = Debug|Any CPU
		Release|Any CPU = Release|Any CPU
	EndGlobalSection
	GlobalSection(ProjectConfigurationPlatforms) = postSolution
		{3A4565A7-E471-40DB-A0B2-2CD6E755EFD1}.Debug|Any CPU.ActiveCfg = Debug|Any CPU
		{3A4565A7-E471-40DB-A0B2-2CD6E755EFD1}.Debug|Any CPU.Build.0 = Debug|Any CPU
		{3A4565A7-E471-40DB-A0B2-2CD6E755EFD1}.Release|Any CPU.ActiveCfg = Release|Any CPU
		{3A4565A7-E471-40DB-A0B2-2CD6E755EFD1}.Release|Any CPU.Build.0 = Release|Any CPU
		{9B72F8AE-EDB0-43F6-9416-3D9B99C1C0E7}.Debug|Any CPU.ActiveCfg = Debug|Any CPU
		{9B72F8AE-EDB0-43F6-9416-3D9B99C1C0E7}.Debug|Any CPU.Build.0 = Debug|Any CPU
		{9B72F8AE-EDB0-43F6-9416-3D9B99C1C0E7}.Release|Any CPU.ActiveCfg = Release|Any CPU
		{9B72F8AE-EDB0-43F6-9416-3D9B99C1C0E7}.Release|Any CPU.Build.0 = Release|Any CPU
		{039F75A3-A882-44FE-B480-221E02C0A2FC}.Debug|Any CPU.ActiveCfg = Debug|Any CPU
		{039F75A3-A882-44FE-B480-221E02C0A2FC}.Debug|Any CPU.Build.0 = Debug|Any CPU
		{039F75A3-A882-44FE-B480-221E02C0A2FC}.Release|Any CPU.ActiveCfg = Release|Any CPU
		{039F75A3-A882-44FE-B480-221E02C0A2FC}.Release|Any CPU.Build.0 = Release|Any CPU
		{AC745B9E-84B9-4C6F-8BFB-967C0BB1633E}.Debug|Any CPU.ActiveCfg = Debug|Any CPU
		{AC745B9E-84B9-4C6F-8BFB-967C0BB1633E}.Debug|Any CPU.Build.0 = Debug|Any CPU
		{AC745B9E-84B9-4C6F-8BFB-967C0BB1633E}.Release|Any CPU.ActiveCfg = Release|Any CPU
		{AC745B9E-84B9-4C6F-8BFB-967C0BB1633E}.Release|Any CPU.Build.0 = Release|Any CPU
		{3AD935E5-049F-4F11-A7F9-80DCB990C2D0}.Debug|Any CPU.ActiveCfg = Debug|Any CPU
		{3AD935E5-049F-4F11-A7F9-80DCB990C2D0}.Debug|Any CPU.Build.0 = Debug|Any CPU
		{3AD935E5-049F-4F11-A7F9-80DCB990C2D0}.Release|Any CPU.ActiveCfg = Release|Any CPU
		{3AD935E5-049F-4F11-A7F9-80DCB990C2D0}.Release|Any CPU.Build.0 = Release|Any CPU
		{4BA03DBF-32A6-42BB-A6B0-E94F39195A3D}.Debug|Any CPU.ActiveCfg = Debug|Any CPU
		{4BA03DBF-32A6-42BB-A6B0-E94F39195A3D}.Debug|Any CPU.Build.0 = Debug|Any CPU
		{4BA03DBF-32A6-42BB-A6B0-E94F39195A3D}.Release|Any CPU.ActiveCfg = Release|Any CPU
		{4BA03DBF-32A6-42BB-A6B0-E94F39195A3D}.Release|Any CPU.Build.0 = Release|Any CPU
	EndGlobalSection
	GlobalSection(SolutionProperties) = preSolution
		HideSolutionNode = FALSE
	EndGlobalSection
	GlobalSection(ExtensibilityGlobals) = postSolution
		SolutionGuid = {E00D0B6D-F28C-4F21-969C-894DF240A370}
	EndGlobalSection
EndGlobal
